
Microsoft Visual Studio Solution File, Format Version 12.00
# Visual Studio 15
VisualStudioVersion = 15.0.27428.2037
MinimumVisualStudioVersion = 10.0.40219.1
Project("{FAE04EC0-301F-11D3-BF4B-00C04F79EFBC}") = "tiorem.agent", "tiorem.agent\tiorem.agent.csproj", "{4AEA0EFA-5840-4B30-BE13-9E8EE32C3913}"
EndProject
Global
	GlobalSection(SolutionConfigurationPlatforms) = preSolution
		Debug|Any CPU = Debug|Any CPU
		Release|Any CPU = Release|Any CPU
	EndGlobalSection
	GlobalSection(ProjectConfigurationPlatforms) = postSolution
		{4AEA0EFA-5840-4B30-BE13-9E8EE32C3913}.Debug|Any CPU.ActiveCfg = Debug|Any CPU
		{4AEA0EFA-5840-4B30-BE13-9E8EE32C3913}.Debug|Any CPU.Build.0 = Debug|Any CPU
		{4AEA0EFA-5840-4B30-BE13-9E8EE32C3913}.Release|Any CPU.ActiveCfg = Release|Any CPU
		{4AEA0EFA-5840-4B30-BE13-9E8EE32C3913}.Release|Any CPU.Build.0 = Release|Any CPU
	EndGlobalSection
	GlobalSection(SolutionProperties) = preSolution
		HideSolutionNode = FALSE
	EndGlobalSection
	GlobalSection(ExtensibilityGlobals) = postSolution
		SolutionGuid = {46FD4D31-1C2E-488A-9326-ADD2A5B91849}
	EndGlobalSection
EndGlobal
